
Microsoft Visual Studio Solution File, Format Version 12.00
# Visual Studio Version 16
VisualStudioVersion = 16.0.29503.13
MinimumVisualStudioVersion = 10.0.40219.1
Project("{8BC9CEB8-8B4A-11D0-8D11-00A0C91BC942}") = "Lab3", "Lab3\Lab3.vcxproj", "{8AD477D8-84EB-4DB1-9032-35E87F75C207}"
EndProject
Global
	GlobalSection(SolutionConfigurationPlatforms) = preSolution
		Debug|x64 = Debug|x64
		Debug|x86 = Debug|x86
		Release|x64 = Release|x64
		Release|x86 = Release|x86
	EndGlobalSection
	GlobalSection(ProjectConfigurationPlatforms) = postSolution
		{8AD477D8-84EB-4DB1-9032-35E87F75C207}.Debug|x64.ActiveCfg = Debug|x64
		{8AD477D8-84EB-4DB1-9032-35E87F75C207}.Debug|x64.Build.0 = Debug|x64
		{8AD477D8-84EB-4DB1-9032-35E87F75C207}.Debug|x86.ActiveCfg = Debug|Win32
		{8AD477D8-84EB-4DB1-9032-35E87F75C207}.Debug|x86.Build.0 = Debug|Win32
		{8AD477D8-84EB-4DB1-9032-35E87F75C207}.Release|x64.ActiveCfg = Release|x64
		{8AD477D8-84EB-4DB1-9032-35E87F75C207}.Release|x64.Build.0 = Release|x64
		{8AD477D8-84EB-4DB1-9032-35E87F75C207}.Release|x86.ActiveCfg = Release|Win32
		{8AD477D8-84EB-4DB1-9032-35E87F75C207}.Release|x86.Build.0 = Release|Win32
	EndGlobalSection
	GlobalSection(SolutionProperties) = preSolution
		HideSolutionNode = FALSE
	EndGlobalSection
	GlobalSection(ExtensibilityGlobals) = postSolution
		SolutionGuid = {6166E81A-DBF9-494A-B476-F1D01E4D4F04}
	EndGlobalSection
EndGlobal
